
Microsoft Visual Studio Solution File, Format Version 12.00
# Visual Studio Version 17
VisualStudioVersion = 17.11.35327.3
MinimumVisualStudioVersion = 10.0.40219.1
Project("{FAE04EC0-301F-11D3-BF4B-00C04F79EFBC}") = "The Infinity Dungeon", "The Infinity Dungeon.csproj", "{A6066F17-4B65-41A6-B346-98E693E7195D}"
EndProject
Global
	GlobalSection(SolutionConfigurationPlatforms) = preSolution
		Debug|Any CPU = Debug|Any CPU
		Release|Any CPU = Release|Any CPU
	EndGlobalSection
	GlobalSection(ProjectConfigurationPlatforms) = postSolution
		{A6066F17-4B65-41A6-B346-98E693E7195D}.Debug|Any CPU.ActiveCfg = Debug|Any CPU
		{A6066F17-4B65-41A6-B346-98E693E7195D}.Debug|Any CPU.Build.0 = Debug|Any CPU
		{A6066F17-4B65-41A6-B346-98E693E7195D}.Release|Any CPU.ActiveCfg = Release|Any CPU
		{A6066F17-4B65-41A6-B346-98E693E7195D}.Release|Any CPU.Build.0 = Release|Any CPU
	EndGlobalSection
	GlobalSection(SolutionProperties) = preSolution
		HideSolutionNode = FALSE
	EndGlobalSection
	GlobalSection(ExtensibilityGlobals) = postSolution
		SolutionGuid = {D0C9A115-9FB1-4F59-AEC5-91D24775C1CD}
	EndGlobalSection
EndGlobal
